
Microsoft Visual Studio Solution File, Format Version 12.00
# Visual Studio Version 17
VisualStudioVersion = 17.11.35327.3
MinimumVisualStudioVersion = 10.0.40219.1
Project("{9A19103F-16F7-4668-BE54-9A1E7A4F7556}") = "test", "test\test.csproj", "{9787BD5A-26D4-44DA-9C6C-94158A95AACF}"
EndProject
Project("{E53339B2-1760-4266-BCC7-CA923CBCF16C}") = "docker-compose", "docker-compose.dcproj", "{53945166-74F7-463F-BCE8-D76C140450F6}"
EndProject
Project("{9A19103F-16F7-4668-BE54-9A1E7A4F7556}") = "UnitTests", "UnitTests\UnitTests.csproj", "{18487145-5780-495C-AADC-E56E9D694ABB}"
EndProject
Global
	GlobalSection(SolutionConfigurationPlatforms) = preSolution
		Debug|Any CPU = Debug|Any CPU
		Release|Any CPU = Release|Any CPU
	EndGlobalSection
	GlobalSection(ProjectConfigurationPlatforms) = postSolution
		{9787BD5A-26D4-44DA-9C6C-94158A95AACF}.Debug|Any CPU.ActiveCfg = Debug|Any CPU
		{9787BD5A-26D4-44DA-9C6C-94158A95AACF}.Debug|Any CPU.Build.0 = Debug|Any CPU
		{9787BD5A-26D4-44DA-9C6C-94158A95AACF}.Release|Any CPU.ActiveCfg = Release|Any CPU
		{9787BD5A-26D4-44DA-9C6C-94158A95AACF}.Release|Any CPU.Build.0 = Release|Any CPU
		{53945166-74F7-463F-BCE8-D76C140450F6}.Debug|Any CPU.ActiveCfg = Debug|Any CPU
		{53945166-74F7-463F-BCE8-D76C140450F6}.Debug|Any CPU.Build.0 = Debug|Any CPU
		{53945166-74F7-463F-BCE8-D76C140450F6}.Release|Any CPU.ActiveCfg = Release|Any CPU
		{53945166-74F7-463F-BCE8-D76C140450F6}.Release|Any CPU.Build.0 = Release|Any CPU
		{18487145-5780-495C-AADC-E56E9D694ABB}.Debug|Any CPU.ActiveCfg = Debug|Any CPU
		{18487145-5780-495C-AADC-E56E9D694ABB}.Debug|Any CPU.Build.0 = Debug|Any CPU
		{18487145-5780-495C-AADC-E56E9D694ABB}.Release|Any CPU.ActiveCfg = Release|Any CPU
		{18487145-5780-495C-AADC-E56E9D694ABB}.Release|Any CPU.Build.0 = Release|Any CPU
	EndGlobalSection
	GlobalSection(SolutionProperties) = preSolution
		HideSolutionNode = FALSE
	EndGlobalSection
	GlobalSection(ExtensibilityGlobals) = postSolution
		SolutionGuid = {D14673BA-CEF0-45C0-B74F-691B19BFAD64}
	EndGlobalSection
EndGlobal
